
Microsoft Visual Studio Solution File, Format Version 12.00
# Visual Studio Version 17
VisualStudioVersion = 17.14.36119.2
MinimumVisualStudioVersion = 10.0.40219.1
Project("{FAE04EC0-301F-11D3-BF4B-00C04F79EFBC}") = "ExpenseTracker.API", "ExpenseTracker.API.csproj", "{AE5CFD99-36AC-41F7-AD9B-23CFDF9F08FC}"
EndProject
Project("{FAE04EC0-301F-11D3-BF4B-00C04F79EFBC}") = "ExpenseTracker.Domain", "..\ExpenseTracker.Domain\ExpenseTracker.Domain.csproj", "{3752942A-E398-4B22-AE5F-370EE150A4F1}"
EndProject
Project("{FAE04EC0-301F-11D3-BF4B-00C04F79EFBC}") = "ExpenseTracker.Infrastructure", "..\ExpenseTracker.Infrastructure\ExpenseTracker.Infrastructure.csproj", "{A4B1A010-6B30-4722-B7B4-9FC7911D6478}"
EndProject
Project("{FAE04EC0-301F-11D3-BF4B-00C04F79EFBC}") = "ExpenseTracker.Application", "..\ExpenseTracker.Application\ExpenseTracker.Application.csproj", "{8AEF32E5-0793-4B81-9E9A-44426BD6345D}"
EndProject
Project("{FAE04EC0-301F-11D3-BF4B-00C04F79EFBC}") = "ExpenseTracker.UnitTests", "..\ExpenseTracker.UnitTests\ExpenseTracker.UnitTests.csproj", "{03F6E495-FE73-4022-9B5C-4BFE9EEC7F53}"
EndProject
Project("{FAE04EC0-301F-11D3-BF4B-00C04F79EFBC}") = "ExpenseTracker.IntegrationTests", "..\ExpenseTracker.IntegrationTests\ExpenseTracker.IntegrationTests.csproj", "{56353F88-8C84-4397-8D6C-C6D6BFA1DEAA}"
EndProject
Global
	GlobalSection(SolutionConfigurationPlatforms) = preSolution
		Debug|Any CPU = Debug|Any CPU
		Debug|x64 = Debug|x64
		Debug|x86 = Debug|x86
		Release|Any CPU = Release|Any CPU
		Release|x64 = Release|x64
		Release|x86 = Release|x86
	EndGlobalSection
	GlobalSection(ProjectConfigurationPlatforms) = postSolution
		{AE5CFD99-36AC-41F7-AD9B-23CFDF9F08FC}.Debug|Any CPU.ActiveCfg = Debug|Any CPU
		{AE5CFD99-36AC-41F7-AD9B-23CFDF9F08FC}.Debug|Any CPU.Build.0 = Debug|Any CPU
		{AE5CFD99-36AC-41F7-AD9B-23CFDF9F08FC}.Debug|x64.ActiveCfg = Debug|Any CPU
		{AE5CFD99-36AC-41F7-AD9B-23CFDF9F08FC}.Debug|x64.Build.0 = Debug|Any CPU
		{AE5CFD99-36AC-41F7-AD9B-23CFDF9F08FC}.Debug|x86.ActiveCfg = Debug|Any CPU
		{AE5CFD99-36AC-41F7-AD9B-23CFDF9F08FC}.Debug|x86.Build.0 = Debug|Any CPU
		{AE5CFD99-36AC-41F7-AD9B-23CFDF9F08FC}.Release|Any CPU.ActiveCfg = Release|Any CPU
		{AE5CFD99-36AC-41F7-AD9B-23CFDF9F08FC}.Release|Any CPU.Build.0 = Release|Any CPU
		{AE5CFD99-36AC-41F7-AD9B-23CFDF9F08FC}.Release|x64.ActiveCfg = Release|Any CPU
		{AE5CFD99-36AC-41F7-AD9B-23CFDF9F08FC}.Release|x64.Build.0 = Release|Any CPU
		{AE5CFD99-36AC-41F7-AD9B-23CFDF9F08FC}.Release|x86.ActiveCfg = Release|Any CPU
		{AE5CFD99-36AC-41F7-AD9B-23CFDF9F08FC}.Release|x86.Build.0 = Release|Any CPU
		{3752942A-E398-4B22-AE5F-370EE150A4F1}.Debug|Any CPU.ActiveCfg = Debug|Any CPU
		{3752942A-E398-4B22-AE5F-370EE150A4F1}.Debug|Any CPU.Build.0 = Debug|Any CPU
		{3752942A-E398-4B22-AE5F-370EE150A4F1}.Debug|x64.ActiveCfg = Debug|Any CPU
		{3752942A-E398-4B22-AE5F-370EE150A4F1}.Debug|x64.Build.0 = Debug|Any CPU
		{3752942A-E398-4B22-AE5F-370EE150A4F1}.Debug|x86.ActiveCfg = Debug|Any CPU
		{3752942A-E398-4B22-AE5F-370EE150A4F1}.Debug|x86.Build.0 = Debug|Any CPU
		{3752942A-E398-4B22-AE5F-370EE150A4F1}.Release|Any CPU.ActiveCfg = Release|Any CPU
		{3752942A-E398-4B22-AE5F-370EE150A4F1}.Release|Any CPU.Build.0 = Release|Any CPU
		{3752942A-E398-4B22-AE5F-370EE150A4F1}.Release|x64.ActiveCfg = Release|Any CPU
		{3752942A-E398-4B22-AE5F-370EE150A4F1}.Release|x64.Build.0 = Release|Any CPU
		{3752942A-E398-4B22-AE5F-370EE150A4F1}.Release|x86.ActiveCfg = Release|Any CPU
		{3752942A-E398-4B22-AE5F-370EE150A4F1}.Release|x86.Build.0 = Release|Any CPU
		{A4B1A010-6B30-4722-B7B4-9FC7911D6478}.Debug|Any CPU.ActiveCfg = Debug|Any CPU
		{A4B1A010-6B30-4722-B7B4-9FC7911D6478}.Debug|Any CPU.Build.0 = Debug|Any CPU
		{A4B1A010-6B30-4722-B7B4-9FC7911D6478}.Debug|x64.ActiveCfg = Debug|Any CPU
		{A4B1A010-6B30-4722-B7B4-9FC7911D6478}.Debug|x64.Build.0 = Debug|Any CPU
		{A4B1A010-6B30-4722-B7B4-9FC7911D6478}.Debug|x86.ActiveCfg = Debug|Any CPU
		{A4B1A010-6B30-4722-B7B4-9FC7911D6478}.Debug|x86.Build.0 = Debug|Any CPU
		{A4B1A010-6B30-4722-B7B4-9FC7911D6478}.Release|Any CPU.ActiveCfg = Release|Any CPU
		{A4B1A010-6B30-4722-B7B4-9FC7911D6478}.Release|Any CPU.Build.0 = Release|Any CPU
		{A4B1A010-6B30-4722-B7B4-9FC7911D6478}.Release|x64.ActiveCfg = Release|Any CPU
		{A4B1A010-6B30-4722-B7B4-9FC7911D6478}.Release|x64.Build.0 = Release|Any CPU
		{A4B1A010-6B30-4722-B7B4-9FC7911D6478}.Release|x86.ActiveCfg = Release|Any CPU
		{A4B1A010-6B30-4722-B7B4-9FC7911D6478}.Release|x86.Build.0 = Release|Any CPU
		{8AEF32E5-0793-4B81-9E9A-44426BD6345D}.Debug|Any CPU.ActiveCfg = Debug|Any CPU
		{8AEF32E5-0793-4B81-9E9A-44426BD6345D}.Debug|Any CPU.Build.0 = Debug|Any CPU
		{8AEF32E5-0793-4B81-9E9A-44426BD6345D}.Debug|x64.ActiveCfg = Debug|Any CPU
		{8AEF32E5-0793-4B81-9E9A-44426BD6345D}.Debug|x64.Build.0 = Debug|Any CPU
		{8AEF32E5-0793-4B81-9E9A-44426BD6345D}.Debug|x86.ActiveCfg = Debug|Any CPU
		{8AEF32E5-0793-4B81-9E9A-44426BD6345D}.Debug|x86.Build.0 = Debug|Any CPU
		{8AEF32E5-0793-4B81-9E9A-44426BD6345D}.Release|Any CPU.ActiveCfg = Release|Any CPU
		{8AEF32E5-0793-4B81-9E9A-44426BD6345D}.Release|Any CPU.Build.0 = Release|Any CPU
		{8AEF32E5-0793-4B81-9E9A-44426BD6345D}.Release|x64.ActiveCfg = Release|Any CPU
		{8AEF32E5-0793-4B81-9E9A-44426BD6345D}.Release|x64.Build.0 = Release|Any CPU
		{8AEF32E5-0793-4B81-9E9A-44426BD6345D}.Release|x86.ActiveCfg = Release|Any CPU
		{8AEF32E5-0793-4B81-9E9A-44426BD6345D}.Release|x86.Build.0 = Release|Any CPU
		{03F6E495-FE73-4022-9B5C-4BFE9EEC7F53}.Debug|Any CPU.ActiveCfg = Debug|Any CPU
		{03F6E495-FE73-4022-9B5C-4BFE9EEC7F53}.Debug|Any CPU.Build.0 = Debug|Any CPU
		{03F6E495-FE73-4022-9B5C-4BFE9EEC7F53}.Debug|x64.ActiveCfg = Debug|Any CPU
		{03F6E495-FE73-4022-9B5C-4BFE9EEC7F53}.Debug|x64.Build.0 = Debug|Any CPU
		{03F6E495-FE73-4022-9B5C-4BFE9EEC7F53}.Debug|x86.ActiveCfg = Debug|Any CPU
		{03F6E495-FE73-4022-9B5C-4BFE9EEC7F53}.Debug|x86.Build.0 = Debug|Any CPU
		{03F6E495-FE73-4022-9B5C-4BFE9EEC7F53}.Release|Any CPU.ActiveCfg = Release|Any CPU
		{03F6E495-FE73-4022-9B5C-4BFE9EEC7F53}.Release|Any CPU.Build.0 = Release|Any CPU
		{03F6E495-FE73-4022-9B5C-4BFE9EEC7F53}.Release|x64.ActiveCfg = Release|Any CPU
		{03F6E495-FE73-4022-9B5C-4BFE9EEC7F53}.Release|x64.Build.0 = Release|Any CPU
		{03F6E495-FE73-4022-9B5C-4BFE9EEC7F53}.Release|x86.ActiveCfg = Release|Any CPU
		{03F6E495-FE73-4022-9B5C-4BFE9EEC7F53}.Release|x86.Build.0 = Release|Any CPU
		{56353F88-8C84-4397-8D6C-C6D6BFA1DEAA}.Debug|Any CPU.ActiveCfg = Debug|Any CPU
		{56353F88-8C84-4397-8D6C-C6D6BFA1DEAA}.Debug|Any CPU.Build.0 = Debug|Any CPU
		{56353F88-8C84-4397-8D6C-C6D6BFA1DEAA}.Debug|x64.ActiveCfg = Debug|Any CPU
		{56353F88-8C84-4397-8D6C-C6D6BFA1DEAA}.Debug|x64.Build.0 = Debug|Any CPU
		{56353F88-8C84-4397-8D6C-C6D6BFA1DEAA}.Debug|x86.ActiveCfg = Debug|Any CPU
		{56353F88-8C84-4397-8D6C-C6D6BFA1DEAA}.Debug|x86.Build.0 = Debug|Any CPU
		{56353F88-8C84-4397-8D6C-C6D6BFA1DEAA}.Release|Any CPU.ActiveCfg = Release|Any CPU
		{56353F88-8C84-4397-8D6C-C6D6BFA1DEAA}.Release|Any CPU.Build.0 = Release|Any CPU
		{56353F88-8C84-4397-8D6C-C6D6BFA1DEAA}.Release|x64.ActiveCfg = Release|Any CPU
		{56353F88-8C84-4397-8D6C-C6D6BFA1DEAA}.Release|x64.Build.0 = Release|Any CPU
		{56353F88-8C84-4397-8D6C-C6D6BFA1DEAA}.Release|x86.ActiveCfg = Release|Any CPU
		{56353F88-8C84-4397-8D6C-C6D6BFA1DEAA}.Release|x86.Build.0 = Release|Any CPU
	EndGlobalSection
	GlobalSection(SolutionProperties) = preSolution
		HideSolutionNode = FALSE
	EndGlobalSection
	GlobalSection(ExtensibilityGlobals) = postSolution
		SolutionGuid = {E4B92E1B-7F65-4F27-84C7-D2E6B2E0E2F0}
	EndGlobalSection
EndGlobal
